// !$*UTF8*$!
{
	archiveVersion = 1;
	classes = {
	};
	objectVersion = 56;
	objects = {

/* Begin PBXBuildFile section */
		F9E161FE297887620048A079 /* Cat_MonitorApp.swift in Sources */ = {isa = PBXBuildFile; fileRef = F9E161FD297887620048A079 /* Cat_MonitorApp.swift */; };
		F9E16200297887620048A079 /* ContentView.swift in Sources */ = {isa = PBXBuildFile; fileRef = F9E161FF297887620048A079 /* ContentView.swift */; };
		F9E16202297887640048A079 /* Assets.xcassets in Resources */ = {isa = PBXBuildFile; fileRef = F9E16201297887640048A079 /* Assets.xcassets */; };
		F9E16205297887640048A079 /* Preview Assets.xcassets in Resources */ = {isa = PBXBuildFile; fileRef = F9E16204297887640048A079 /* Preview Assets.xcassets */; };
		F9E1620F297887640048A079 /* Cat_MonitorTests.swift in Sources */ = {isa = PBXBuildFile; fileRef = F9E1620E297887640048A079 /* Cat_MonitorTests.swift */; };
		F9E16219297887640048A079 /* Cat_MonitorUITests.swift in Sources */ = {isa = PBXBuildFile; fileRef = F9E16218297887640048A079 /* Cat_MonitorUITests.swift */; };
		F9E1621B297887640048A079 /* Cat_MonitorUITestsLaunchTests.swift in Sources */ = {isa = PBXBuildFile; fileRef = F9E1621A297887640048A079 /* Cat_MonitorUITestsLaunchTests.swift */; };
/* End PBXBuildFile section */

/* Begin PBXContainerItemProxy section */
		F9E1620B297887640048A079 /* PBXContainerItemProxy */ = {
			isa = PBXContainerItemProxy;
			containerPortal = F9E161F2297887620048A079 /* Project object */;
			proxyType = 1;
			remoteGlobalIDString = F9E161F9297887620048A079;
			remoteInfo = "Cat Monitor";
		};
		F9E16215297887640048A079 /* PBXContainerItemProxy */ = {
			isa = PBXContainerItemProxy;
			containerPortal = F9E161F2297887620048A079 /* Project object */;
			proxyType = 1;
			remoteGlobalIDString = F9E161F9297887620048A079;
			remoteInfo = "Cat Monitor";
		};
/* End PBXContainerItemProxy section */

/* Begin PBXFileReference section */
		F9E161FA297887620048A079 /* Cat Monitor.app */ = {isa = PBXFileReference; explicitFileType = wrapper.application; includeInIndex = 0; path = "Cat Monitor.app"; sourceTree = BUILT_PRODUCTS_DIR; };
		F9E161FD297887620048A079 /* Cat_MonitorApp.swift */ = {isa = PBXFileReference; lastKnownFileType = sourcecode.swift; path = Cat_MonitorApp.swift; sourceTree = "<group>"; };
		F9E161FF297887620048A079 /* ContentView.swift */ = {isa = PBXFileReference; lastKnownFileType = sourcecode.swift; path = ContentView.swift; sourceTree = "<group>"; };
		F9E16201297887640048A079 /* Assets.xcassets */ = {isa = PBXFileReference; lastKnownFileType = folder.assetcatalog; path = Assets.xcassets; sourceTree = "<group>"; };
		F9E16204297887640048A079 /* Preview Assets.xcassets */ = {isa = PBXFileReference; lastKnownFileType = folder.assetcatalog; path = "Preview Assets.xcassets"; sourceTree = "<group>"; };
		F9E1620A297887640048A079 /* Cat MonitorTests.xctest */ = {isa = PBXFileReference; explicitFileType = wrapper.cfbundle; includeInIndex = 0; path = "Cat MonitorTests.xctest"; sourceTree = BUILT_PRODUCTS_DIR; };
		F9E1620E297887640048A079 /* Cat_MonitorTests.swift */ = {isa = PBXFileReference; lastKnownFileType = sourcecode.swift; path = Cat_MonitorTests.swift; sourceTree = "<group>"; };
		F9E16214297887640048A079 /* Cat MonitorUITests.xctest */ = {isa = PBXFileReference; explicitFileType = wrapper.cfbundle; includeInIndex = 0; path = "Cat MonitorUITests.xctest"; sourceTree = BUILT_PRODUCTS_DIR; };
		F9E16218297887640048A079 /* Cat_MonitorUITests.swift */ = {isa = PBXFileReference; lastKnownFileType = sourcecode.swift; path = Cat_MonitorUITests.swift; sourceTree = "<group>"; };
		F9E1621A297887640048A079 /* Cat_MonitorUITestsLaunchTests.swift */ = {isa = PBXFileReference; lastKnownFileType = sourcecode.swift; path = Cat_MonitorUITestsLaunchTests.swift; sourceTree = "<group>"; };
/* End PBXFileReference section */

/* Begin PBXFrameworksBuildPhase section */
		F9E161F7297887620048A079 /* Frameworks */ = {
			isa = PBXFrameworksBuildPhase;
			buildActionMask = 2147483647;
			files = (
			);
			runOnlyForDeploymentPostprocessing = 0;
		};
		F9E16207297887640048A079 /* Frameworks */ = {
			isa = PBXFrameworksBuildPhase;
			buildActionMask = 2147483647;
			files = (
			);
			runOnlyForDeploymentPostprocessing = 0;
		};
		F9E16211297887640048A079 /* Frameworks */ = {
			isa = PBXFrameworksBuildPhase;
			buildActionMask = 2147483647;
			files = (
			);
			runOnlyForDeploymentPostprocessing = 0;
		};
/* End PBXFrameworksBuildPhase section */

/* Begin PBXGroup section */
		F9E161F1297887620048A079 = {
			isa = PBXGroup;
			children = (
				F9E161FC297887620048A079 /* Cat Monitor */,
				F9E1620D297887640048A079 /* Cat MonitorTests */,
				F9E16217297887640048A079 /* Cat MonitorUITests */,
				F9E161FB297887620048A079 /* Products */,
			);
			sourceTree = "<group>";
		};
		F9E161FB297887620048A079 /* Products */ = {
			isa = PBXGroup;
			children = (
				F9E161FA297887620048A079 /* Cat Monitor.app */,
				F9E1620A297887640048A079 /* Cat MonitorTests.xctest */,
				F9E16214297887640048A079 /* Cat MonitorUITests.xctest */,
			);
			name = Products;
			sourceTree = "<group>";
		};
		F9E161FC297887620048A079 /* Cat Monitor */ = {
			isa = PBXGroup;
			children = (
				F9E161FD297887620048A079 /* Cat_MonitorApp.swift */,
				F9E161FF297887620048A079 /* ContentView.swift */,
				F9E16201297887640048A079 /* Assets.xcassets */,
				F9E16203297887640048A079 /* Preview Content */,
			);
			path = "Cat Monitor";
			sourceTree = "<group>";
		};
		F9E16203297887640048A079 /* Preview Content */ = {
			isa = PBXGroup;
			children = (
				F9E16204297887640048A079 /* Preview Assets.xcassets */,
			);
			path = "Preview Content";
			sourceTree = "<group>";
		};
		F9E1620D297887640048A079 /* Cat MonitorTests */ = {
			isa = PBXGroup;
			children = (
				F9E1620E297887640048A079 /* Cat_MonitorTests.swift */,
			);
			path = "Cat MonitorTests";
			sourceTree = "<group>";
		};
		F9E16217297887640048A079 /* Cat MonitorUITests */ = {
			isa = PBXGroup;
			children = (
				F9E16218297887640048A079 /* Cat_MonitorUITests.swift */,
				F9E1621A297887640048A079 /* Cat_MonitorUITestsLaunchTests.swift */,
			);
			path = "Cat MonitorUITests";
			sourceTree = "<group>";
		};
/* End PBXGroup section */

/* Begin PBXNativeTarget section */
		F9E161F9297887620048A079 /* Cat Monitor */ = {
			isa = PBXNativeTarget;
			buildConfigurationList = F9E1621E297887640048A079 /* Build configuration list for PBXNativeTarget "Cat Monitor" */;
			buildPhases = (
				F9E161F6297887620048A079 /* Sources */,
				F9E161F7297887620048A079 /* Frameworks */,
				F9E161F8297887620048A079 /* Resources */,
			);
			buildRules = (
			);
			dependencies = (
			);
			name = "Cat Monitor";
			productName = "Cat Monitor";
			productReference = F9E161FA297887620048A079 /* Cat Monitor.app */;
			productType = "com.apple.product-type.application";
		};
		F9E16209297887640048A079 /* Cat MonitorTests */ = {
			isa = PBXNativeTarget;
			buildConfigurationList = F9E16221297887640048A079 /* Build configuration list for PBXNativeTarget "Cat MonitorTests" */;
			buildPhases = (
				F9E16206297887640048A079 /* Sources */,
				F9E16207297887640048A079 /* Frameworks */,
				F9E16208297887640048A079 /* Resources */,
			);
			buildRules = (
			);
			dependencies = (
				F9E1620C297887640048A079 /* PBXTargetDependency */,
			);
			name = "Cat MonitorTests";
			productName = "Cat MonitorTests";
			productReference = F9E1620A297887640048A079 /* Cat MonitorTests.xctest */;
			productType = "com.apple.product-type.bundle.unit-test";
		};
		F9E16213297887640048A079 /* Cat MonitorUITests */ = {
			isa = PBXNativeTarget;
			buildConfigurationList = F9E16224297887640048A079 /* Build configuration list for PBXNativeTarget "Cat MonitorUITests" */;
			buildPhases = (
				F9E16210297887640048A079 /* Sources */,
				F9E16211297887640048A079 /* Frameworks */,
				F9E16212297887640048A079 /* Resources */,
			);
			buildRules = (
			);
			dependencies = (
				F9E16216297887640048A079 /* PBXTargetDependency */,
			);
			name = "Cat MonitorUITests";
			productName = "Cat MonitorUITests";
			productReference = F9E16214297887640048A079 /* Cat MonitorUITests.xctest */;
			productType = "com.apple.product-type.bundle.ui-testing";
		};
/* End PBXNativeTarget section */

/* Begin PBXProject section */
		F9E161F2297887620048A079 /* Project object */ = {
			isa = PBXProject;
			attributes = {
				BuildIndependentTargetsInParallel = 1;
				LastSwiftUpdateCheck = 1420;
				LastUpgradeCheck = 1420;
				TargetAttributes = {
					F9E161F9297887620048A079 = {
						CreatedOnToolsVersion = 14.2;
					};
					F9E16209297887640048A079 = {
						CreatedOnToolsVersion = 14.2;
						TestTargetID = F9E161F9297887620048A079;
					};
					F9E16213297887640048A079 = {
						CreatedOnToolsVersion = 14.2;
						TestTargetID = F9E161F9297887620048A079;
					};
				};
			};
			buildConfigurationList = F9E161F5297887620048A079 /* Build configuration list for PBXProject "Cat Monitor" */;
			compatibilityVersion = "Xcode 14.0";
			developmentRegion = en;
			hasScannedForEncodings = 0;
			knownRegions = (
				en,
				Base,
			);
			mainGroup = F9E161F1297887620048A079;
			productRefGroup = F9E161FB297887620048A079 /* Products */;
			projectDirPath = "";
			projectRoot = "";
			targets = (
				F9E161F9297887620048A079 /* Cat Monitor */,
				F9E16209297887640048A079 /* Cat MonitorTests */,
				F9E16213297887640048A079 /* Cat MonitorUITests */,
			);
		};
/* End PBXProject section */

/* Begin PBXResourcesBuildPhase section */
		F9E161F8297887620048A079 /* Resources */ = {
			isa = PBXResourcesBuildPhase;
			buildActionMask = 2147483647;
			files = (
				F9E16205297887640048A079 /* Preview Assets.xcassets in Resources */,
				F9E16202297887640048A079 /* Assets.xcassets in Resources */,
			);
			runOnlyForDeploymentPostprocessing = 0;
		};
		F9E16208297887640048A079 /* Resources */ = {
			isa = PBXResourcesBuildPhase;
			buildActionMask = 2147483647;
			files = (
			);
			runOnlyForDeploymentPostprocessing = 0;
		};
		F9E16212297887640048A079 /* Resources */ = {
			isa = PBXResourcesBuildPhase;
			buildActionMask = 2147483647;
			files = (
			);
			runOnlyForDeploymentPostprocessing = 0;
		};
/* End PBXResourcesBuildPhase section */

/* Begin PBXSourcesBuildPhase section */
		F9E161F6297887620048A079 /* Sources */ = {
			isa = PBXSourcesBuildPhase;
			buildActionMask = 2147483647;
			files = (
				F9E16200297887620048A079 /* ContentView.swift in Sources */,
				F9E161FE297887620048A079 /* Cat_MonitorApp.swift in Sources */,
			);
			runOnlyForDeploymentPostprocessing = 0;
		};
		F9E16206297887640048A079 /* Sources */ = {
			isa = PBXSourcesBuildPhase;
			buildActionMask = 2147483647;
			files = (
				F9E1620F297887640048A079 /* Cat_MonitorTests.swift in Sources */,
			);
			runOnlyForDeploymentPostprocessing = 0;
		};
		F9E16210297887640048A079 /* Sources */ = {
			isa = PBXSourcesBuildPhase;
			buildActionMask = 2147483647;
			files = (
				F9E1621B297887640048A079 /* Cat_MonitorUITestsLaunchTests.swift in Sources */,
				F9E16219297887640048A079 /* Cat_MonitorUITests.swift in Sources */,
			);
			runOnlyForDeploymentPostprocessing = 0;
		};
/* End PBXSourcesBuildPhase section */

/* Begin PBXTargetDependency section */
		F9E1620C297887640048A079 /* PBXTargetDependency */ = {
			isa = PBXTargetDependency;
			target = F9E161F9297887620048A079 /* Cat Monitor */;
			targetProxy = F9E1620B297887640048A079 /* PBXContainerItemProxy */;
		};
		F9E16216297887640048A079 /* PBXTargetDependency */ = {
			isa = PBXTargetDependency;
			target = F9E161F9297887620048A079 /* Cat Monitor */;
			targetProxy = F9E16215297887640048A079 /* PBXContainerItemProxy */;
		};
/* End PBXTargetDependency section */

/* Begin XCBuildConfiguration section */
		F9E1621C297887640048A079 /* Debug */ = {
			isa = XCBuildConfiguration;
			buildSettings = {
				ALWAYS_SEARCH_USER_PATHS = NO;
				CLANG_ANALYZER_NONNULL = YES;
				CLANG_ANALYZER_NUMBER_OBJECT_CONVERSION = YES_AGGRESSIVE;
				CLANG_CXX_LANGUAGE_STANDARD = "gnu++20";
				CLANG_ENABLE_MODULES = YES;
				CLANG_ENABLE_OBJC_ARC = YES;
				CLANG_ENABLE_OBJC_WEAK = YES;
				CLANG_WARN_BLOCK_CAPTURE_AUTORELEASING = YES;
				CLANG_WARN_BOOL_CONVERSION = YES;
				CLANG_WARN_COMMA = YES;
				CLANG_WARN_CONSTANT_CONVERSION = YES;
				CLANG_WARN_DEPRECATED_OBJC_IMPLEMENTATIONS = YES;
				CLANG_WARN_DIRECT_OBJC_ISA_USAGE = YES_ERROR;
				CLANG_WARN_DOCUMENTATION_COMMENTS = YES;
				CLANG_WARN_EMPTY_BODY = YES;
				CLANG_WARN_ENUM_CONVERSION = YES;
				CLANG_WARN_INFINITE_RECURSION = YES;
				CLANG_WARN_INT_CONVERSION = YES;
				CLANG_WARN_NON_LITERAL_NULL_CONVERSION = YES;
				CLANG_WARN_OBJC_IMPLICIT_RETAIN_SELF = YES;
				CLANG_WARN_OBJC_LITERAL_CONVERSION = YES;
				CLANG_WARN_OBJC_ROOT_CLASS = YES_ERROR;
				CLANG_WARN_QUOTED_INCLUDE_IN_FRAMEWORK_HEADER = YES;
				CLANG_WARN_RANGE_LOOP_ANALYSIS = YES;
				CLANG_WARN_STRICT_PROTOTYPES = YES;
				CLANG_WARN_SUSPICIOUS_MOVE = YES;
				CLANG_WARN_UNGUARDED_AVAILABILITY = YES_AGGRESSIVE;
				CLANG_WARN_UNREACHABLE_CODE = YES;
				CLANG_WARN__DUPLICATE_METHOD_MATCH = YES;
				COPY_PHASE_STRIP = NO;
				DEBUG_INFORMATION_FORMAT = dwarf;
				ENABLE_STRICT_OBJC_MSGSEND = YES;
				ENABLE_TESTABILITY = YES;
				GCC_C_LANGUAGE_STANDARD = gnu11;
				GCC_DYNAMIC_NO_PIC = NO;
				GCC_NO_COMMON_BLOCKS = YES;
				GCC_OPTIMIZATION_LEVEL = 0;
				GCC_PREPROCESSOR_DEFINITIONS = (
					"DEBUG=1",
					"$(inherited)",
				);
				GCC_WARN_64_TO_32_BIT_CONVERSION = YES;
				GCC_WARN_ABOUT_RETURN_TYPE = YES_ERROR;
				GCC_WARN_UNDECLARED_SELECTOR = YES;
				GCC_WARN_UNINITIALIZED_AUTOS = YES_AGGRESSIVE;
				GCC_WARN_UNUSED_FUNCTION = YES;
				GCC_WARN_UNUSED_VARIABLE = YES;
				IPHONEOS_DEPLOYMENT_TARGET = 16.2;
				MTL_ENABLE_DEBUG_INFO = INCLUDE_SOURCE;
				MTL_FAST_MATH = YES;
				ONLY_ACTIVE_ARCH = YES;
				SDKROOT = iphoneos;
				SWIFT_ACTIVE_COMPILATION_CONDITIONS = DEBUG;
				SWIFT_OPTIMIZATION_LEVEL = "-Onone";
			};
			name = Debug;
		};
		F9E1621D297887640048A079 /* Release */ = {
			isa = XCBuildConfiguration;
			buildSettings = {
				ALWAYS_SEARCH_USER_PATHS = NO;
				CLANG_ANALYZER_NONNULL = YES;
				CLANG_ANALYZER_NUMBER_OBJECT_CONVERSION = YES_AGGRESSIVE;
				CLANG_CXX_LANGUAGE_STANDARD = "gnu++20";
				CLANG_ENABLE_MODULES = YES;
				CLANG_ENABLE_OBJC_ARC = YES;
				CLANG_ENABLE_OBJC_WEAK = YES;
				CLANG_WARN_BLOCK_CAPTURE_AUTORELEASING = YES;
				CLANG_WARN_BOOL_CONVERSION = YES;
				CLANG_WARN_COMMA = YES;
				CLANG_WARN_CONSTANT_CONVERSION = YES;
				CLANG_WARN_DEPRECATED_OBJC_IMPLEMENTATIONS = YES;
				CLANG_WARN_DIRECT_OBJC_ISA_USAGE = YES_ERROR;
				CLANG_WARN_DOCUMENTATION_COMMENTS = YES;
				CLANG_WARN_EMPTY_BODY = YES;
				CLANG_WARN_ENUM_CONVERSION = YES;
				CLANG_WARN_INFINITE_RECURSION = YES;
				CLANG_WARN_INT_CONVERSION = YES;
				CLANG_WARN_NON_LITERAL_NULL_CONVERSION = YES;
				CLANG_WARN_OBJC_IMPLICIT_RETAIN_SELF = YES;
				CLANG_WARN_OBJC_LITERAL_CONVERSION = YES;
				CLANG_WARN_OBJC_ROOT_CLASS = YES_ERROR;
				CLANG_WARN_QUOTED_INCLUDE_IN_FRAMEWORK_HEADER = YES;
				CLANG_WARN_RANGE_LOOP_ANALYSIS = YES;
				CLANG_WARN_STRICT_PROTOTYPES = YES;
				CLANG_WARN_SUSPICIOUS_MOVE = YES;
				CLANG_WARN_UNGUARDED_AVAILABILITY = YES_AGGRESSIVE;
				CLANG_WARN_UNREACHABLE_CODE = YES;
				CLANG_WARN__DUPLICATE_METHOD_MATCH = YES;
				COPY_PHASE_STRIP = NO;
				DEBUG_INFORMATION_FORMAT = "dwarf-with-dsym";
				ENABLE_NS_ASSERTIONS = NO;
				ENABLE_STRICT_OBJC_MSGSEND = YES;
				GCC_C_LANGUAGE_STANDARD = gnu11;
				GCC_NO_COMMON_BLOCKS = YES;
				GCC_WARN_64_TO_32_BIT_CONVERSION = YES;
				GCC_WARN_ABOUT_RETURN_TYPE = YES_ERROR;
				GCC_WARN_UNDECLARED_SELECTOR = YES;
				GCC_WARN_UNINITIALIZED_AUTOS = YES_AGGRESSIVE;
				GCC_WARN_UNUSED_FUNCTION = YES;
				GCC_WARN_UNUSED_VARIABLE = YES;
				IPHONEOS_DEPLOYMENT_TARGET = 16.2;
				MTL_ENABLE_DEBUG_INFO = NO;
				MTL_FAST_MATH = YES;
				SDKROOT = iphoneos;
				SWIFT_COMPILATION_MODE = wholemodule;
				SWIFT_OPTIMIZATION_LEVEL = "-O";
				VALIDATE_PRODUCT = YES;
			};
			name = Release;
		};
		F9E1621F297887640048A079 /* Debug */ = {
			isa = XCBuildConfiguration;
			buildSettings = {
				ASSETCATALOG_COMPILER_APPICON_NAME = AppIcon;
				ASSETCATALOG_COMPILER_GLOBAL_ACCENT_COLOR_NAME = AccentColor;
				CODE_SIGN_STYLE = Automatic;
				CURRENT_PROJECT_VERSION = 1;
				DEVELOPMENT_ASSET_PATHS = "\"Cat Monitor/Preview Content\"";
				DEVELOPMENT_TEAM = FVZB3U24YM;
				ENABLE_PREVIEWS = YES;
				GENERATE_INFOPLIST_FILE = YES;
				INFOPLIST_KEY_UIApplicationSceneManifest_Generation = YES;
				INFOPLIST_KEY_UIApplicationSupportsIndirectInputEvents = YES;
				INFOPLIST_KEY_UILaunchScreen_Generation = YES;
				INFOPLIST_KEY_UISupportedInterfaceOrientations_iPad = "UIInterfaceOrientationPortrait UIInterfaceOrientationPortraitUpsideDown UIInterfaceOrientationLandscapeLeft UIInterfaceOrientationLandscapeRight";
				INFOPLIST_KEY_UISupportedInterfaceOrientations_iPhone = "UIInterfaceOrientationPortrait UIInterfaceOrientationLandscapeLeft UIInterfaceOrientationLandscapeRight";
				LD_RUNPATH_SEARCH_PATHS = (
					"$(inherited)",
					"@executable_path/Frameworks",
				);
				MARKETING_VERSION = 1.0;
				PRODUCT_BUNDLE_IDENTIFIER = "Ginger-Tabby-Studios.Cat-Monitor";
				PRODUCT_NAME = "$(TARGET_NAME)";
				SWIFT_EMIT_LOC_STRINGS = YES;
				SWIFT_VERSION = 5.0;
				TARGETED_DEVICE_FAMILY = "1,2";
			};
			name = Debug;
		};
		F9E16220297887640048A079 /* Release */ = {
			isa = XCBuildConfiguration;
			buildSettings = {
				ASSETCATALOG_COMPILER_APPICON_NAME = AppIcon;
				ASSETCATALOG_COMPILER_GLOBAL_ACCENT_COLOR_NAME = AccentColor;
				CODE_SIGN_STYLE = Automatic;
				CURRENT_PROJECT_VERSION = 1;
				DEVELOPMENT_ASSET_PATHS = "\"Cat Monitor/Preview Content\"";
				DEVELOPMENT_TEAM = FVZB3U24YM;
				ENABLE_PREVIEWS = YES;
				GENERATE_INFOPLIST_FILE = YES;
				INFOPLIST_KEY_UIApplicationSceneManifest_Generation = YES;
				INFOPLIST_KEY_UIApplicationSupportsIndirectInputEvents = YES;
				INFOPLIST_KEY_UILaunchScreen_Generation = YES;
				INFOPLIST_KEY_UISupportedInterfaceOrientations_iPad = "UIInterfaceOrientationPortrait UIInterfaceOrientationPortraitUpsideDown UIInterfaceOrientationLandscapeLeft UIInterfaceOrientationLandscapeRight";
				INFOPLIST_KEY_UISupportedInterfaceOrientations_iPhone = "UIInterfaceOrientationPortrait UIInterfaceOrientationLandscapeLeft UIInterfaceOrientationLandscapeRight";
				LD_RUNPATH_SEARCH_PATHS = (
					"$(inherited)",
					"@executable_path/Frameworks",
				);
				MARKETING_VERSION = 1.0;
				PRODUCT_BUNDLE_IDENTIFIER = "Ginger-Tabby-Studios.Cat-Monitor";
				PRODUCT_NAME = "$(TARGET_NAME)";
				SWIFT_EMIT_LOC_STRINGS = YES;
				SWIFT_VERSION = 5.0;
				TARGETED_DEVICE_FAMILY = "1,2";
			};
			name = Release;
		};
		F9E16222297887640048A079 /* Debug */ = {
			isa = XCBuildConfiguration;
			buildSettings = {
				ALWAYS_EMBED_SWIFT_STANDARD_LIBRARIES = YES;
				BUNDLE_LOADER = "$(TEST_HOST)";
				CODE_SIGN_STYLE = Automatic;
				CURRENT_PROJECT_VERSION = 1;
				DEVELOPMENT_TEAM = FVZB3U24YM;
				GENERATE_INFOPLIST_FILE = YES;
				IPHONEOS_DEPLOYMENT_TARGET = 16.2;
				MARKETING_VERSION = 1.0;
				PRODUCT_BUNDLE_IDENTIFIER = "Ginger-Tabby-Studios.Cat-MonitorTests";
				PRODUCT_NAME = "$(TARGET_NAME)";
				SWIFT_EMIT_LOC_STRINGS = NO;
				SWIFT_VERSION = 5.0;
				TARGETED_DEVICE_FAMILY = "1,2";
				TEST_HOST = "$(BUILT_PRODUCTS_DIR)/Cat Monitor.app/$(BUNDLE_EXECUTABLE_FOLDER_PATH)/Cat Monitor";
			};
			name = Debug;
		};
		F9E16223297887640048A079 /* Release */ = {
			isa = XCBuildConfiguration;
			buildSettings = {
				ALWAYS_EMBED_SWIFT_STANDARD_LIBRARIES = YES;
				BUNDLE_LOADER = "$(TEST_HOST)";
				CODE_SIGN_STYLE = Automatic;
				CURRENT_PROJECT_VERSION = 1;
				DEVELOPMENT_TEAM = FVZB3U24YM;
				GENERATE_INFOPLIST_FILE = YES;
				IPHONEOS_DEPLOYMENT_TARGET = 16.2;
				MARKETING_VERSION = 1.0;
				PRODUCT_BUNDLE_IDENTIFIER = "Ginger-Tabby-Studios.Cat-MonitorTests";
				PRODUCT_NAME = "$(TARGET_NAME)";
				SWIFT_EMIT_LOC_STRINGS = NO;
				SWIFT_VERSION = 5.0;
				TARGETED_DEVICE_FAMILY = "1,2";
				TEST_HOST = "$(BUILT_PRODUCTS_DIR)/Cat Monitor.app/$(BUNDLE_EXECUTABLE_FOLDER_PATH)/Cat Monitor";
			};
			name = Release;
		};
		F9E16225297887640048A079 /* Debug */ = {
			isa = XCBuildConfiguration;
			buildSettings = {
				ALWAYS_EMBED_SWIFT_STANDARD_LIBRARIES = YES;
				CODE_SIGN_STYLE = Automatic;
				CURRENT_PROJECT_VERSION = 1;
				DEVELOPMENT_TEAM = FVZB3U24YM;
				GENERATE_INFOPLIST_FILE = YES;
				MARKETING_VERSION = 1.0;
				PRODUCT_BUNDLE_IDENTIFIER = "Ginger-Tabby-Studios.Cat-MonitorUITests";
				PRODUCT_NAME = "$(TARGET_NAME)";
				SWIFT_EMIT_LOC_STRINGS = NO;
				SWIFT_VERSION = 5.0;
				TARGETED_DEVICE_FAMILY = "1,2";
				TEST_TARGET_NAME = "Cat Monitor";
			};
			name = Debug;
		};
		F9E16226297887640048A079 /* Release */ = {
			isa = XCBuildConfiguration;
			buildSettings = {
				ALWAYS_EMBED_SWIFT_STANDARD_LIBRARIES = YES;
				CODE_SIGN_STYLE = Automatic;
				CURRENT_PROJECT_VERSION = 1;
				DEVELOPMENT_TEAM = FVZB3U24YM;
				GENERATE_INFOPLIST_FILE = YES;
				MARKETING_VERSION = 1.0;
				PRODUCT_BUNDLE_IDENTIFIER = "Ginger-Tabby-Studios.Cat-MonitorUITests";
				PRODUCT_NAME = "$(TARGET_NAME)";
				SWIFT_EMIT_LOC_STRINGS = NO;
				SWIFT_VERSION = 5.0;
				TARGETED_DEVICE_FAMILY = "1,2";
				TEST_TARGET_NAME = "Cat Monitor";
			};
			name = Release;
		};
/* End XCBuildConfiguration section */

/* Begin XCConfigurationList section */
		F9E161F5297887620048A079 /* Build configuration list for PBXProject "Cat Monitor" */ = {
			isa = XCConfigurationList;
			buildConfigurations = (
				F9E1621C297887640048A079 /* Debug */,
				F9E1621D297887640048A079 /* Release */,
			);
			defaultConfigurationIsVisible = 0;
			defaultConfigurationName = Release;
		};
		F9E1621E297887640048A079 /* Build configuration list for PBXNativeTarget "Cat Monitor" */ = {
			isa = XCConfigurationList;
			buildConfigurations = (
				F9E1621F297887640048A079 /* Debug */,
				F9E16220297887640048A079 /* Release */,
			);
			defaultConfigurationIsVisible = 0;
			defaultConfigurationName = Release;
		};
		F9E16221297887640048A079 /* Build configuration list for PBXNativeTarget "Cat MonitorTests" */ = {
			isa = XCConfigurationList;
			buildConfigurations = (
				F9E16222297887640048A079 /* Debug */,
				F9E16223297887640048A079 /* Release */,
			);
			defaultConfigurationIsVisible = 0;
			defaultConfigurationName = Release;
		};
		F9E16224297887640048A079 /* Build configuration list for PBXNativeTarget "Cat MonitorUITests" */ = {
			isa = XCConfigurationList;
			buildConfigurations = (
				F9E16225297887640048A079 /* Debug */,
				F9E16226297887640048A079 /* Release */,
			);
			defaultConfigurationIsVisible = 0;
			defaultConfigurationName = Release;
		};
/* End XCConfigurationList section */
	};
	rootObject = F9E161F2297887620048A079 /* Project object */;
}
